
Microsoft Visual Studio Solution File, Format Version 12.00
# Visual Studio Version 17
VisualStudioVersion = 17.8.34309.116
MinimumVisualStudioVersion = 10.0.40219.1
Project("{9A19103F-16F7-4668-BE54-9A1E7A4F7556}") = "PruebaSistran", "PruebaSistran.csproj", "{C3E4613F-FF04-4D21-9AF7-FFF0486376CD}"
EndProject
Project("{9A19103F-16F7-4668-BE54-9A1E7A4F7556}") = "Sistran.CAD", "..\SISTRAN.CAD\Sistran.CAD.csproj", "{405D3470-8AD2-4F44-A9C8-5890BF363FA7}"
EndProject
Project("{FAE04EC0-301F-11D3-BF4B-00C04F79EFBC}") = "PruebaSistran.Servicios", "..\PruebaSistran.Services\PruebaSistran.Servicios.csproj", "{EA55EEEF-7605-42B8-AF7F-AAF5EB60664D}"
EndProject
Global
	GlobalSection(SolutionConfigurationPlatforms) = preSolution
		Debug|Any CPU = Debug|Any CPU
		Release|Any CPU = Release|Any CPU
	EndGlobalSection
	GlobalSection(ProjectConfigurationPlatforms) = postSolution
		{C3E4613F-FF04-4D21-9AF7-FFF0486376CD}.Debug|Any CPU.ActiveCfg = Debug|Any CPU
		{C3E4613F-FF04-4D21-9AF7-FFF0486376CD}.Debug|Any CPU.Build.0 = Debug|Any CPU
		{C3E4613F-FF04-4D21-9AF7-FFF0486376CD}.Release|Any CPU.ActiveCfg = Release|Any CPU
		{C3E4613F-FF04-4D21-9AF7-FFF0486376CD}.Release|Any CPU.Build.0 = Release|Any CPU
		{405D3470-8AD2-4F44-A9C8-5890BF363FA7}.Debug|Any CPU.ActiveCfg = Debug|Any CPU
		{405D3470-8AD2-4F44-A9C8-5890BF363FA7}.Debug|Any CPU.Build.0 = Debug|Any CPU
		{405D3470-8AD2-4F44-A9C8-5890BF363FA7}.Release|Any CPU.ActiveCfg = Release|Any CPU
		{405D3470-8AD2-4F44-A9C8-5890BF363FA7}.Release|Any CPU.Build.0 = Release|Any CPU
		{EA55EEEF-7605-42B8-AF7F-AAF5EB60664D}.Debug|Any CPU.ActiveCfg = Debug|Any CPU
		{EA55EEEF-7605-42B8-AF7F-AAF5EB60664D}.Debug|Any CPU.Build.0 = Debug|Any CPU
		{EA55EEEF-7605-42B8-AF7F-AAF5EB60664D}.Release|Any CPU.ActiveCfg = Release|Any CPU
		{EA55EEEF-7605-42B8-AF7F-AAF5EB60664D}.Release|Any CPU.Build.0 = Release|Any CPU
	EndGlobalSection
	GlobalSection(SolutionProperties) = preSolution
		HideSolutionNode = FALSE
	EndGlobalSection
	GlobalSection(ExtensibilityGlobals) = postSolution
		SolutionGuid = {ABDDEA54-37A5-449F-A6EB-0E633F965872}
	EndGlobalSection
EndGlobal
